
Microsoft Visual Studio Solution File, Format Version 12.00
# Visual Studio Version 17
VisualStudioVersion = 17.9.34728.123
MinimumVisualStudioVersion = 10.0.40219.1
Project("{9A19103F-16F7-4668-BE54-9A1E7A4F7556}") = "Product_DB_Gyak", "Product_DB_Gyak\Product_DB_Gyak.csproj", "{39828EB7-BA1D-4F0D-B44F-B99721B43E10}"
EndProject
Global
	GlobalSection(SolutionConfigurationPlatforms) = preSolution
		Debug|Any CPU = Debug|Any CPU
		Release|Any CPU = Release|Any CPU
	EndGlobalSection
	GlobalSection(ProjectConfigurationPlatforms) = postSolution
		{39828EB7-BA1D-4F0D-B44F-B99721B43E10}.Debug|Any CPU.ActiveCfg = Debug|Any CPU
		{39828EB7-BA1D-4F0D-B44F-B99721B43E10}.Debug|Any CPU.Build.0 = Debug|Any CPU
		{39828EB7-BA1D-4F0D-B44F-B99721B43E10}.Release|Any CPU.ActiveCfg = Release|Any CPU
		{39828EB7-BA1D-4F0D-B44F-B99721B43E10}.Release|Any CPU.Build.0 = Release|Any CPU
	EndGlobalSection
	GlobalSection(SolutionProperties) = preSolution
		HideSolutionNode = FALSE
	EndGlobalSection
	GlobalSection(ExtensibilityGlobals) = postSolution
		SolutionGuid = {82C74E4F-6BC5-4E0A-8503-D15B6B91BE4D}
	EndGlobalSection
EndGlobal
